
Microsoft Visual Studio Solution File, Format Version 12.00
# Visual Studio 14
VisualStudioVersion = 14.0.25420.1
MinimumVisualStudioVersion = 10.0.40219.1
Project("{FAE04EC0-301F-11D3-BF4B-00C04F79EFBC}") = "OrdersDashboard.Web", "OrdersDashboard.Web\OrdersDashboard.Web.csproj", "{682F1003-FFE6-4D40-B94D-B059BDABDE04}"
EndProject
Project("{FAE04EC0-301F-11D3-BF4B-00C04F79EFBC}") = "OrdersDashboard.Web.Api", "OrdersDashboard.Web.Api\OrdersDashboard.Web.Api.csproj", "{5F0BE0CD-BE0C-4528-8D64-0C554B3660C8}"
EndProject
Project("{FAE04EC0-301F-11D3-BF4B-00C04F79EFBC}") = "OrdersDashboard.Domain.Models", "OrdersDashboard.Domain.Models\OrdersDashboard.Domain.Models.csproj", "{62A033FA-7F28-446E-8BAF-F133ECAC19A5}"
EndProject
Global
	GlobalSection(SolutionConfigurationPlatforms) = preSolution
		Debug|Any CPU = Debug|Any CPU
		Release|Any CPU = Release|Any CPU
	EndGlobalSection
	GlobalSection(ProjectConfigurationPlatforms) = postSolution
		{682F1003-FFE6-4D40-B94D-B059BDABDE04}.Debug|Any CPU.ActiveCfg = Debug|Any CPU
		{682F1003-FFE6-4D40-B94D-B059BDABDE04}.Debug|Any CPU.Build.0 = Debug|Any CPU
		{682F1003-FFE6-4D40-B94D-B059BDABDE04}.Release|Any CPU.ActiveCfg = Release|Any CPU
		{682F1003-FFE6-4D40-B94D-B059BDABDE04}.Release|Any CPU.Build.0 = Release|Any CPU
		{5F0BE0CD-BE0C-4528-8D64-0C554B3660C8}.Debug|Any CPU.ActiveCfg = Debug|Any CPU
		{5F0BE0CD-BE0C-4528-8D64-0C554B3660C8}.Debug|Any CPU.Build.0 = Debug|Any CPU
		{5F0BE0CD-BE0C-4528-8D64-0C554B3660C8}.Release|Any CPU.ActiveCfg = Release|Any CPU
		{5F0BE0CD-BE0C-4528-8D64-0C554B3660C8}.Release|Any CPU.Build.0 = Release|Any CPU
		{62A033FA-7F28-446E-8BAF-F133ECAC19A5}.Debug|Any CPU.ActiveCfg = Debug|Any CPU
		{62A033FA-7F28-446E-8BAF-F133ECAC19A5}.Debug|Any CPU.Build.0 = Debug|Any CPU
		{62A033FA-7F28-446E-8BAF-F133ECAC19A5}.Release|Any CPU.ActiveCfg = Release|Any CPU
		{62A033FA-7F28-446E-8BAF-F133ECAC19A5}.Release|Any CPU.Build.0 = Release|Any CPU
	EndGlobalSection
	GlobalSection(SolutionProperties) = preSolution
		HideSolutionNode = FALSE
	EndGlobalSection
EndGlobal
